
Microsoft Visual Studio Solution File, Format Version 12.00
# Visual Studio Version 17
VisualStudioVersion = 17.1.32210.238
MinimumVisualStudioVersion = 10.0.40219.1
Project("{9A19103F-16F7-4668-BE54-9A1E7A4F7556}") = "Fallout-tec", "Fallout-tec\Fallout-tec.csproj", "{301AA5C3-E57F-43CE-997C-E0408006ABB7}"
EndProject
Project("{2150E333-8FDC-42A3-9474-1A3956D46DE8}") = "Solution Items", "Solution Items", "{D8937A19-5759-4986-8895-4D5A197C3AB3}"
	ProjectSection(SolutionItems) = preProject
		.editorconfig = .editorconfig
	EndProjectSection
EndProject
Global
	GlobalSection(SolutionConfigurationPlatforms) = preSolution
		Debug|Any CPU = Debug|Any CPU
		Release|Any CPU = Release|Any CPU
	EndGlobalSection
	GlobalSection(ProjectConfigurationPlatforms) = postSolution
		{301AA5C3-E57F-43CE-997C-E0408006ABB7}.Debug|Any CPU.ActiveCfg = Debug|Any CPU
		{301AA5C3-E57F-43CE-997C-E0408006ABB7}.Debug|Any CPU.Build.0 = Debug|Any CPU
		{301AA5C3-E57F-43CE-997C-E0408006ABB7}.Release|Any CPU.ActiveCfg = Release|Any CPU
		{301AA5C3-E57F-43CE-997C-E0408006ABB7}.Release|Any CPU.Build.0 = Release|Any CPU
	EndGlobalSection
	GlobalSection(SolutionProperties) = preSolution
		HideSolutionNode = FALSE
	EndGlobalSection
	GlobalSection(ExtensibilityGlobals) = postSolution
		SolutionGuid = {EC8C31AC-FE49-41B5-8531-DDFE74499C0A}
	EndGlobalSection
EndGlobal
